
Microsoft Visual Studio Solution File, Format Version 11.00
# Visual Studio 2010
# SharpDevelop 5.1
Project("{FAE04EC0-301F-11D3-BF4B-00C04F79EFBC}") = "Learning C#", "Learning C#\Learning C#.csproj", "{61E5D35E-A7A6-48E5-BF58-64BD90400C73}"
EndProject
Global
	GlobalSection(SolutionConfigurationPlatforms) = preSolution
		Debug|Any CPU = Debug|Any CPU
		Release|Any CPU = Release|Any CPU
	EndGlobalSection
	GlobalSection(ProjectConfigurationPlatforms) = postSolution
		{61E5D35E-A7A6-48E5-BF58-64BD90400C73}.Debug|Any CPU.ActiveCfg = Debug|Any CPU
		{61E5D35E-A7A6-48E5-BF58-64BD90400C73}.Debug|Any CPU.Build.0 = Debug|Any CPU
		{61E5D35E-A7A6-48E5-BF58-64BD90400C73}.Release|Any CPU.ActiveCfg = Release|Any CPU
		{61E5D35E-A7A6-48E5-BF58-64BD90400C73}.Release|Any CPU.Build.0 = Release|Any CPU
	EndGlobalSection
EndGlobal
